
Microsoft Visual Studio Solution File, Format Version 12.00
# Visual Studio Version 16
VisualStudioVersion = 16.0.31729.503
MinimumVisualStudioVersion = 10.0.40219.1
Project("{8BC9CEB8-8B4A-11D0-8D11-00A0C91BC942}") = "TP_1_3_var2", "TP_1_3_var2\TP_1_3_var2.vcxproj", "{8F150F2A-9D7E-4F31-BCBC-264939345355}"
EndProject
Global
	GlobalSection(SolutionConfigurationPlatforms) = preSolution
		Debug|x64 = Debug|x64
		Debug|x86 = Debug|x86
		Release|x64 = Release|x64
		Release|x86 = Release|x86
	EndGlobalSection
	GlobalSection(ProjectConfigurationPlatforms) = postSolution
		{8F150F2A-9D7E-4F31-BCBC-264939345355}.Debug|x64.ActiveCfg = Debug|x64
		{8F150F2A-9D7E-4F31-BCBC-264939345355}.Debug|x64.Build.0 = Debug|x64
		{8F150F2A-9D7E-4F31-BCBC-264939345355}.Debug|x86.ActiveCfg = Debug|Win32
		{8F150F2A-9D7E-4F31-BCBC-264939345355}.Debug|x86.Build.0 = Debug|Win32
		{8F150F2A-9D7E-4F31-BCBC-264939345355}.Release|x64.ActiveCfg = Release|x64
		{8F150F2A-9D7E-4F31-BCBC-264939345355}.Release|x64.Build.0 = Release|x64
		{8F150F2A-9D7E-4F31-BCBC-264939345355}.Release|x86.ActiveCfg = Release|Win32
		{8F150F2A-9D7E-4F31-BCBC-264939345355}.Release|x86.Build.0 = Release|Win32
	EndGlobalSection
	GlobalSection(SolutionProperties) = preSolution
		HideSolutionNode = FALSE
	EndGlobalSection
	GlobalSection(ExtensibilityGlobals) = postSolution
		SolutionGuid = {BD397703-5040-4743-A5EB-F4E4D1F388FE}
	EndGlobalSection
EndGlobal
